// !$*UTF8*$!
{
	archiveVersion = 1;
	classes = {
	};
	objectVersion = 51;
	objects = {

/* Begin PBXBuildFile section */
		0101E0E926D8B07F00140C70 /* GoogleService-Info.plist in Resources */ = {isa = PBXBuildFile; fileRef = 0101E0E826D8B07F00140C70 /* GoogleService-Info.plist */; };
		010F916126CE2B1D00437262 /* User.swift in Sources */ = {isa = PBXBuildFile; fileRef = 010F916026CE2B1D00437262 /* User.swift */; };
		010F916326CE335A00437262 /* Binggrae.otf in Resources */ = {isa = PBXBuildFile; fileRef = 010F916226CE335A00437262 /* Binggrae.otf */; };
		010F916526CE336500437262 /* BinggraeSamanco.otf in Resources */ = {isa = PBXBuildFile; fileRef = 010F916426CE336500437262 /* BinggraeSamanco.otf */; };
		010F916726CE337700437262 /* ONE Mobile POP OTF.otf in Resources */ = {isa = PBXBuildFile; fileRef = 010F916626CE337700437262 /* ONE Mobile POP OTF.otf */; };
		010F916926CE55C300437262 /* MeokBTI.swift in Sources */ = {isa = PBXBuildFile; fileRef = 010F916826CE55C300437262 /* MeokBTI.swift */; };
		010F916C26CE8B2A00437262 /* ResultTableViewController.swift in Sources */ = {isa = PBXBuildFile; fileRef = 010F916B26CE8B2A00437262 /* ResultTableViewController.swift */; };
		010F916E26CE8CDA00437262 /* MeokBTITest.storyboard in Resources */ = {isa = PBXBuildFile; fileRef = 010F916D26CE8CDA00437262 /* MeokBTITest.storyboard */; };
		0123132E26CA4B5A007C5FC8 /* MapMarkerWindowView.xib in Resources */ = {isa = PBXBuildFile; fileRef = 0123132D26CA4B5A007C5FC8 /* MapMarkerWindowView.xib */; };
		0129337426B29A76006F22FA /* AppDelegate.swift in Sources */ = {isa = PBXBuildFile; fileRef = 0129337326B29A76006F22FA /* AppDelegate.swift */; };
		0129337626B29A76006F22FA /* SceneDelegate.swift in Sources */ = {isa = PBXBuildFile; fileRef = 0129337526B29A76006F22FA /* SceneDelegate.swift */; };
		0129337B26B29A76006F22FA /* Main.storyboard in Resources */ = {isa = PBXBuildFile; fileRef = 0129337926B29A76006F22FA /* Main.storyboard */; };
		0129337D26B29A78006F22FA /* Assets.xcassets in Resources */ = {isa = PBXBuildFile; fileRef = 0129337C26B29A78006F22FA /* Assets.xcassets */; };
		0129338026B29A78006F22FA /* LaunchScreen.storyboard in Resources */ = {isa = PBXBuildFile; fileRef = 0129337E26B29A78006F22FA /* LaunchScreen.storyboard */; };
		0129338B26B29B93006F22FA /* Question.swift in Sources */ = {isa = PBXBuildFile; fileRef = 0129338726B29B93006F22FA /* Question.swift */; };
		0129338C26B29B93006F22FA /* IntroductionViewController.swift in Sources */ = {isa = PBXBuildFile; fileRef = 0129338826B29B93006F22FA /* IntroductionViewController.swift */; };
		0129338D26B29B93006F22FA /* QuestionViewController.swift in Sources */ = {isa = PBXBuildFile; fileRef = 0129338926B29B93006F22FA /* QuestionViewController.swift */; };
		0129338E26B29B93006F22FA /* ResultsViewController.swift in Sources */ = {isa = PBXBuildFile; fileRef = 0129338A26B29B93006F22FA /* ResultsViewController.swift */; };
		013753F626CD41AC002F3ABE /* MeokBTITabBarController.swift in Sources */ = {isa = PBXBuildFile; fileRef = 013753F526CD41AC002F3ABE /* MeokBTITabBarController.swift */; };
		013C65C226BA4FB700895567 /* MapViewController.swift in Sources */ = {isa = PBXBuildFile; fileRef = 013C65C126BA4FB700895567 /* MapViewController.swift */; };
		013C65C426BBD22000895567 /* Restaurant.swift in Sources */ = {isa = PBXBuildFile; fileRef = 013C65C326BBD22000895567 /* Restaurant.swift */; };
		0148A8FE26CB9B6600F1427C /* PhotoCollectionViewCell.swift in Sources */ = {isa = PBXBuildFile; fileRef = 0148A8FC26CB9B6600F1427C /* PhotoCollectionViewCell.swift */; };
		0148A8FF26CB9B6600F1427C /* PhotoCollectionViewCell.xib in Resources */ = {isa = PBXBuildFile; fileRef = 0148A8FD26CB9B6600F1427C /* PhotoCollectionViewCell.xib */; };
		0148CF1B26C81CB90035862A /* Extensions+.swift in Sources */ = {isa = PBXBuildFile; fileRef = 0148CF1A26C81CB90035862A /* Extensions+.swift */; };
		017D88D826CABD4600B72155 /* MapMarkerWindow.swift in Sources */ = {isa = PBXBuildFile; fileRef = 017D88D726CABD4600B72155 /* MapMarkerWindow.swift */; };
		01A2FD9826F38AB60019B602 /* TMapSDK.framework in Frameworks */ = {isa = PBXBuildFile; fileRef = 0148CF1726C6D1030035862A /* TMapSDK.framework */; };
		01A2FD9926F38AB60019B602 /* TMapSDK.framework in Embed Frameworks */ = {isa = PBXBuildFile; fileRef = 0148CF1726C6D1030035862A /* TMapSDK.framework */; settings = {ATTRIBUTES = (CodeSignOnCopy, RemoveHeadersOnCopy, ); }; };
		01ED1D6626FF717000CB8FB3 /* DetailRestaurantInfoViewController.swift in Sources */ = {isa = PBXBuildFile; fileRef = 01ED1D6526FF717000CB8FB3 /* DetailRestaurantInfoViewController.swift */; };
		01ED1D6927004C5300CB8FB3 /* DetailInfoWindow.swift in Sources */ = {isa = PBXBuildFile; fileRef = 01ED1D6827004C5300CB8FB3 /* DetailInfoWindow.swift */; };
		01ED1D6A270062DE00CB8FB3 /* DetailInfoWindowView.xib in Resources */ = {isa = PBXBuildFile; fileRef = 01ED1D6727004BB200CB8FB3 /* DetailInfoWindowView.xib */; };
		0AC4A7A7BBFF823173D74377 /* Pods_MeokBTI.framework in Frameworks */ = {isa = PBXBuildFile; fileRef = 1797757F7D982904A3D40CFA /* Pods_MeokBTI.framework */; };
		348B723427C3FD7600FC524D /* APIKeys.swift in Sources */ = {isa = PBXBuildFile; fileRef = 348B723327C3FD7600FC524D /* APIKeys.swift */; };
		349E4D2127A2E040002E0109 /* SearchResultsViewController.swift in Sources */ = {isa = PBXBuildFile; fileRef = 349E4D2027A2E040002E0109 /* SearchResultsViewController.swift */; };
		34AB56D427B4EE1E001DF408 /* Answer.swift in Sources */ = {isa = PBXBuildFile; fileRef = 34AB56D327B4EE1E001DF408 /* Answer.swift */; };
		34D8CF9F27BEA3900032A66B /* HarmonyCollectionViewCell.swift in Sources */ = {isa = PBXBuildFile; fileRef = 34D8CF9E27BEA3900032A66B /* HarmonyCollectionViewCell.swift */; };
		34F05E5F27D5CE9B00F37404 /* MyPageHeaderView.xib in Resources */ = {isa = PBXBuildFile; fileRef = 34F05E5E27D5CE9B00F37404 /* MyPageHeaderView.xib */; };
		34F05E6327D5CF1600F37404 /* MyPageHeaderView.swift in Sources */ = {isa = PBXBuildFile; fileRef = 34F05E6227D5CF1600F37404 /* MyPageHeaderView.swift */; };
		8E06B80627D636CB00A2A8B8 /* VersionViewController.swift in Sources */ = {isa = PBXBuildFile; fileRef = 8E06B80527D636CB00A2A8B8 /* VersionViewController.swift */; };
		8E06B80A27D636E900A2A8B8 /* MailViewController.swift in Sources */ = {isa = PBXBuildFile; fileRef = 8E06B80927D636E900A2A8B8 /* MailViewController.swift */; };
		8E06B80C27D636ED00A2A8B8 /* LikeViewController.swift in Sources */ = {isa = PBXBuildFile; fileRef = 8E06B80B27D636ED00A2A8B8 /* LikeViewController.swift */; };
		8E06B80E27D636F300A2A8B8 /* HomeViewController.swift in Sources */ = {isa = PBXBuildFile; fileRef = 8E06B80D27D636F300A2A8B8 /* HomeViewController.swift */; };
		8E06B81027D636FA00A2A8B8 /* CollectViewController.swift in Sources */ = {isa = PBXBuildFile; fileRef = 8E06B80F27D636FA00A2A8B8 /* CollectViewController.swift */; };
		8E06B81227D6373D00A2A8B8 /* productList.swift in Sources */ = {isa = PBXBuildFile; fileRef = 8E06B81127D6373D00A2A8B8 /* productList.swift */; };
		8E06B81427D6374600A2A8B8 /* MovieCollectionViewCell.swift in Sources */ = {isa = PBXBuildFile; fileRef = 8E06B81327D6374600A2A8B8 /* MovieCollectionViewCell.swift */; };
		8E06B81627D6374B00A2A8B8 /* Movie.swift in Sources */ = {isa = PBXBuildFile; fileRef = 8E06B81527D6374B00A2A8B8 /* Movie.swift */; };
		8ECB5CCC27C2335300A5F01A /* MyPageViewController.swift in Sources */ = {isa = PBXBuildFile; fileRef = 8ECB5CCB27C2335300A5F01A /* MyPageViewController.swift */; };
		8ECB5CCE27C2338500A5F01A /* MyPageCell.swift in Sources */ = {isa = PBXBuildFile; fileRef = 8ECB5CCD27C2338500A5F01A /* MyPageCell.swift */; };
		EC1EA90826DE565D00FC03BF /* PersonalDataViewController.swift in Sources */ = {isa = PBXBuildFile; fileRef = EC1EA90726DE565D00FC03BF /* PersonalDataViewController.swift */; };
/* End PBXBuildFile section */

/* Begin PBXCopyFilesBuildPhase section */
		01A2FD9A26F38AB60019B602 /* Embed Frameworks */ = {
			isa = PBXCopyFilesBuildPhase;
			buildActionMask = 2147483647;
			dstPath = "";
			dstSubfolderSpec = 10;
			files = (
				01A2FD9926F38AB60019B602 /* TMapSDK.framework in Embed Frameworks */,
			);
			name = "Embed Frameworks";
			runOnlyForDeploymentPostprocessing = 0;
		};
/* End PBXCopyFilesBuildPhase section */

/* Begin PBXFileReference section */
		0101E0E826D8B07F00140C70 /* GoogleService-Info.plist */ = {isa = PBXFileReference; fileEncoding = 4; lastKnownFileType = text.plist.xml; path = "GoogleService-Info.plist"; sourceTree = "<group>"; };
		010F916026CE2B1D00437262 /* User.swift */ = {isa = PBXFileReference; lastKnownFileType = sourcecode.swift; path = User.swift; sourceTree = "<group>"; };
		010F916226CE335A00437262 /* Binggrae.otf */ = {isa = PBXFileReference; lastKnownFileType = file; path = Binggrae.otf; sourceTree = "<group>"; };
		010F916426CE336500437262 /* BinggraeSamanco.otf */ = {isa = PBXFileReference; lastKnownFileType = file; path = BinggraeSamanco.otf; sourceTree = "<group>"; };
		010F916626CE337700437262 /* ONE Mobile POP OTF.otf */ = {isa = PBXFileReference; lastKnownFileType = file; path = "ONE Mobile POP OTF.otf"; sourceTree = "<group>"; };
		010F916826CE55C300437262 /* MeokBTI.swift */ = {isa = PBXFileReference; lastKnownFileType = sourcecode.swift; path = MeokBTI.swift; sourceTree = "<group>"; };
		010F916B26CE8B2A00437262 /* ResultTableViewController.swift */ = {isa = PBXFileReference; lastKnownFileType = sourcecode.swift; path = ResultTableViewController.swift; sourceTree = "<group>"; };
		010F916D26CE8CDA00437262 /* MeokBTITest.storyboard */ = {isa = PBXFileReference; lastKnownFileType = file.storyboard; path = MeokBTITest.storyboard; sourceTree = "<group>"; };
		0113335926F25AA200718FAE /* Alamofire.framework */ = {isa = PBXFileReference; explicitFileType = wrapper.framework; path = Alamofire.framework; sourceTree = BUILT_PRODUCTS_DIR; };
		0113335A26F25AA200718FAE /* FBLPromises.framework */ = {isa = PBXFileReference; explicitFileType = wrapper.framework; path = FBLPromises.framework; sourceTree = BUILT_PRODUCTS_DIR; };
		0113335B26F25AA200718FAE /* FirebaseCore.framework */ = {isa = PBXFileReference; explicitFileType = wrapper.framework; path = FirebaseCore.framework; sourceTree = BUILT_PRODUCTS_DIR; };
		0113335C26F25AA200718FAE /* FirebaseCoreDiagnostics.framework */ = {isa = PBXFileReference; explicitFileType = wrapper.framework; path = FirebaseCoreDiagnostics.framework; sourceTree = BUILT_PRODUCTS_DIR; };
		0113335D26F25AA200718FAE /* FirebaseDatabase.framework */ = {isa = PBXFileReference; explicitFileType = wrapper.framework; path = FirebaseDatabase.framework; sourceTree = BUILT_PRODUCTS_DIR; };
		0113335E26F25AA200718FAE /* GoogleDataTransport.framework */ = {isa = PBXFileReference; explicitFileType = wrapper.framework; path = GoogleDataTransport.framework; sourceTree = BUILT_PRODUCTS_DIR; };
		0113335F26F25AA200718FAE /* GoogleUtilities.framework */ = {isa = PBXFileReference; explicitFileType = wrapper.framework; path = GoogleUtilities.framework; sourceTree = BUILT_PRODUCTS_DIR; };
		0113336026F25AA200718FAE /* KakaoSDKCommon.framework */ = {isa = PBXFileReference; explicitFileType = wrapper.framework; path = KakaoSDKCommon.framework; sourceTree = BUILT_PRODUCTS_DIR; };
		0113336126F25AA200718FAE /* KakaoSDKLink.framework */ = {isa = PBXFileReference; explicitFileType = wrapper.framework; path = KakaoSDKLink.framework; sourceTree = BUILT_PRODUCTS_DIR; };
		0113336226F25AA200718FAE /* KakaoSDKTemplate.framework */ = {isa = PBXFileReference; explicitFileType = wrapper.framework; path = KakaoSDKTemplate.framework; sourceTree = BUILT_PRODUCTS_DIR; };
		0113336326F25AA200718FAE /* leveldb.framework */ = {isa = PBXFileReference; explicitFileType = wrapper.framework; path = leveldb.framework; sourceTree = BUILT_PRODUCTS_DIR; };
		0113336426F25AA200718FAE /* nanopb.framework */ = {isa = PBXFileReference; explicitFileType = wrapper.framework; path = nanopb.framework; sourceTree = BUILT_PRODUCTS_DIR; };
		0123132D26CA4B5A007C5FC8 /* MapMarkerWindowView.xib */ = {isa = PBXFileReference; lastKnownFileType = file.xib; path = MapMarkerWindowView.xib; sourceTree = "<group>"; };
		0129337026B29A76006F22FA /* MeokBTI.app */ = {isa = PBXFileReference; explicitFileType = wrapper.application; includeInIndex = 0; path = MeokBTI.app; sourceTree = BUILT_PRODUCTS_DIR; };
		0129337326B29A76006F22FA /* AppDelegate.swift */ = {isa = PBXFileReference; lastKnownFileType = sourcecode.swift; path = AppDelegate.swift; sourceTree = "<group>"; };
		0129337526B29A76006F22FA /* SceneDelegate.swift */ = {isa = PBXFileReference; lastKnownFileType = sourcecode.swift; path = SceneDelegate.swift; sourceTree = "<group>"; };
		0129337A26B29A76006F22FA /* Base */ = {isa = PBXFileReference; lastKnownFileType = file.storyboard; name = Base; path = Base.lproj/Main.storyboard; sourceTree = "<group>"; };
		0129337C26B29A78006F22FA /* Assets.xcassets */ = {isa = PBXFileReference; lastKnownFileType = folder.assetcatalog; path = Assets.xcassets; sourceTree = "<group>"; };
		0129337F26B29A78006F22FA /* Base */ = {isa = PBXFileReference; lastKnownFileType = file.storyboard; name = Base; path = Base.lproj/LaunchScreen.storyboard; sourceTree = "<group>"; };
		0129338126B29A78006F22FA /* Info.plist */ = {isa = PBXFileReference; lastKnownFileType = text.plist.xml; path = Info.plist; sourceTree = "<group>"; };
		0129338726B29B93006F22FA /* Question.swift */ = {isa = PBXFileReference; fileEncoding = 4; lastKnownFileType = sourcecode.swift; path = Question.swift; sourceTree = "<group>"; };
		0129338826B29B93006F22FA /* IntroductionViewController.swift */ = {isa = PBXFileReference; fileEncoding = 4; lastKnownFileType = sourcecode.swift; path = IntroductionViewController.swift; sourceTree = "<group>"; };
		0129338926B29B93006F22FA /* QuestionViewController.swift */ = {isa = PBXFileReference; fileEncoding = 4; lastKnownFileType = sourcecode.swift; path = QuestionViewController.swift; sourceTree = "<group>"; };
		0129338A26B29B93006F22FA /* ResultsViewController.swift */ = {isa = PBXFileReference; fileEncoding = 4; lastKnownFileType = sourcecode.swift; path = ResultsViewController.swift; sourceTree = "<group>"; };
		013753F526CD41AC002F3ABE /* MeokBTITabBarController.swift */ = {isa = PBXFileReference; lastKnownFileType = sourcecode.swift; path = MeokBTITabBarController.swift; sourceTree = "<group>"; };
		013C65C126BA4FB700895567 /* MapViewController.swift */ = {isa = PBXFileReference; lastKnownFileType = sourcecode.swift; path = MapViewController.swift; sourceTree = "<group>"; };
		013C65C326BBD22000895567 /* Restaurant.swift */ = {isa = PBXFileReference; lastKnownFileType = sourcecode.swift; path = Restaurant.swift; sourceTree = "<group>"; };
		0148A8FC26CB9B6600F1427C /* PhotoCollectionViewCell.swift */ = {isa = PBXFileReference; lastKnownFileType = sourcecode.swift; path = PhotoCollectionViewCell.swift; sourceTree = "<group>"; };
		0148A8FD26CB9B6600F1427C /* PhotoCollectionViewCell.xib */ = {isa = PBXFileReference; lastKnownFileType = file.xib; path = PhotoCollectionViewCell.xib; sourceTree = "<group>"; };
		0148CF1726C6D1030035862A /* TMapSDK.framework */ = {isa = PBXFileReference; lastKnownFileType = wrapper.framework; path = TMapSDK.framework; sourceTree = "<group>"; };
		0148CF1A26C81CB90035862A /* Extensions+.swift */ = {isa = PBXFileReference; lastKnownFileType = sourcecode.swift; path = "Extensions+.swift"; sourceTree = "<group>"; };
		017D88D726CABD4600B72155 /* MapMarkerWindow.swift */ = {isa = PBXFileReference; lastKnownFileType = sourcecode.swift; path = MapMarkerWindow.swift; sourceTree = "<group>"; };
		01ED1D6526FF717000CB8FB3 /* DetailRestaurantInfoViewController.swift */ = {isa = PBXFileReference; lastKnownFileType = sourcecode.swift; path = DetailRestaurantInfoViewController.swift; sourceTree = "<group>"; };
		01ED1D6727004BB200CB8FB3 /* DetailInfoWindowView.xib */ = {isa = PBXFileReference; lastKnownFileType = file.xib; path = DetailInfoWindowView.xib; sourceTree = "<group>"; };
		01ED1D6827004C5300CB8FB3 /* DetailInfoWindow.swift */ = {isa = PBXFileReference; lastKnownFileType = sourcecode.swift; path = DetailInfoWindow.swift; sourceTree = "<group>"; };
		1797757F7D982904A3D40CFA /* Pods_MeokBTI.framework */ = {isa = PBXFileReference; explicitFileType = wrapper.framework; includeInIndex = 0; path = Pods_MeokBTI.framework; sourceTree = BUILT_PRODUCTS_DIR; };
		348B723327C3FD7600FC524D /* APIKeys.swift */ = {isa = PBXFileReference; lastKnownFileType = sourcecode.swift; path = APIKeys.swift; sourceTree = "<group>"; };
		349E4D2027A2E040002E0109 /* SearchResultsViewController.swift */ = {isa = PBXFileReference; lastKnownFileType = sourcecode.swift; path = SearchResultsViewController.swift; sourceTree = "<group>"; };
		34AB56D327B4EE1E001DF408 /* Answer.swift */ = {isa = PBXFileReference; lastKnownFileType = sourcecode.swift; path = Answer.swift; sourceTree = "<group>"; };
		34D8CF9E27BEA3900032A66B /* HarmonyCollectionViewCell.swift */ = {isa = PBXFileReference; lastKnownFileType = sourcecode.swift; name = HarmonyCollectionViewCell.swift; path = MeokBTI/HarmonyCollectionViewCell.swift; sourceTree = SOURCE_ROOT; };
		34F05E5E27D5CE9B00F37404 /* MyPageHeaderView.xib */ = {isa = PBXFileReference; lastKnownFileType = file.xib; path = MyPageHeaderView.xib; sourceTree = "<group>"; };
		34F05E6227D5CF1600F37404 /* MyPageHeaderView.swift */ = {isa = PBXFileReference; lastKnownFileType = sourcecode.swift; path = MyPageHeaderView.swift; sourceTree = "<group>"; };
		77A07664455AD6E7C92AF5DF /* Pods-MeokBTI.debug.xcconfig */ = {isa = PBXFileReference; includeInIndex = 1; lastKnownFileType = text.xcconfig; name = "Pods-MeokBTI.debug.xcconfig"; path = "Target Support Files/Pods-MeokBTI/Pods-MeokBTI.debug.xcconfig"; sourceTree = "<group>"; };
		8E06B80527D636CB00A2A8B8 /* VersionViewController.swift */ = {isa = PBXFileReference; fileEncoding = 4; lastKnownFileType = sourcecode.swift; path = VersionViewController.swift; sourceTree = "<group>"; };
		8E06B80927D636E900A2A8B8 /* MailViewController.swift */ = {isa = PBXFileReference; fileEncoding = 4; lastKnownFileType = sourcecode.swift; path = MailViewController.swift; sourceTree = "<group>"; };
		8E06B80B27D636ED00A2A8B8 /* LikeViewController.swift */ = {isa = PBXFileReference; fileEncoding = 4; lastKnownFileType = sourcecode.swift; path = LikeViewController.swift; sourceTree = "<group>"; };
		8E06B80D27D636F300A2A8B8 /* HomeViewController.swift */ = {isa = PBXFileReference; fileEncoding = 4; lastKnownFileType = sourcecode.swift; path = HomeViewController.swift; sourceTree = "<group>"; };
		8E06B80F27D636FA00A2A8B8 /* CollectViewController.swift */ = {isa = PBXFileReference; fileEncoding = 4; lastKnownFileType = sourcecode.swift; path = CollectViewController.swift; sourceTree = "<group>"; };
		8E06B81127D6373D00A2A8B8 /* productList.swift */ = {isa = PBXFileReference; fileEncoding = 4; lastKnownFileType = sourcecode.swift; path = productList.swift; sourceTree = "<group>"; };
		8E06B81327D6374600A2A8B8 /* MovieCollectionViewCell.swift */ = {isa = PBXFileReference; fileEncoding = 4; lastKnownFileType = sourcecode.swift; path = MovieCollectionViewCell.swift; sourceTree = "<group>"; };
		8E06B81527D6374B00A2A8B8 /* Movie.swift */ = {isa = PBXFileReference; fileEncoding = 4; lastKnownFileType = sourcecode.swift; path = Movie.swift; sourceTree = "<group>"; };
		8ECB5CCB27C2335300A5F01A /* MyPageViewController.swift */ = {isa = PBXFileReference; lastKnownFileType = sourcecode.swift; path = MyPageViewController.swift; sourceTree = "<group>"; };
		8ECB5CCD27C2338500A5F01A /* MyPageCell.swift */ = {isa = PBXFileReference; lastKnownFileType = sourcecode.swift; path = MyPageCell.swift; sourceTree = "<group>"; };
		E83B8D949A413BBA69279EEA /* Pods-MeokBTI.release.xcconfig */ = {isa = PBXFileReference; includeInIndex = 1; lastKnownFileType = text.xcconfig; name = "Pods-MeokBTI.release.xcconfig"; path = "Target Support Files/Pods-MeokBTI/Pods-MeokBTI.release.xcconfig"; sourceTree = "<group>"; };
		EC1EA90726DE565D00FC03BF /* PersonalDataViewController.swift */ = {isa = PBXFileReference; lastKnownFileType = sourcecode.swift; path = PersonalDataViewController.swift; sourceTree = "<group>"; };
/* End PBXFileReference section */

/* Begin PBXFrameworksBuildPhase section */
		0129336D26B29A76006F22FA /* Frameworks */ = {
			isa = PBXFrameworksBuildPhase;
			buildActionMask = 2147483647;
			files = (
				0AC4A7A7BBFF823173D74377 /* Pods_MeokBTI.framework in Frameworks */,
				01A2FD9826F38AB60019B602 /* TMapSDK.framework in Frameworks */,
			);
			runOnlyForDeploymentPostprocessing = 0;
		};
/* End PBXFrameworksBuildPhase section */

/* Begin PBXGroup section */
		010F916A26CE5DE500437262 /* Font */ = {
			isa = PBXGroup;
			children = (
				010F916226CE335A00437262 /* Binggrae.otf */,
				010F916426CE336500437262 /* BinggraeSamanco.otf */,
				010F916626CE337700437262 /* ONE Mobile POP OTF.otf */,
			);
			path = Font;
			sourceTree = "<group>";
		};
		0129336726B29A76006F22FA = {
			isa = PBXGroup;
			children = (
				0129337226B29A76006F22FA /* MeokBTI */,
				0129337126B29A76006F22FA /* Products */,
				282F6B2E99FB2EC84C9E92F0 /* Pods */,
				B6898FFEDE93042D590FD9BE /* Frameworks */,
			);
			sourceTree = "<group>";
		};
		0129337126B29A76006F22FA /* Products */ = {
			isa = PBXGroup;
			children = (
				0129337026B29A76006F22FA /* MeokBTI.app */,
			);
			name = Products;
			sourceTree = "<group>";
		};
		0129337226B29A76006F22FA /* MeokBTI */ = {
			isa = PBXGroup;
			children = (
				0129337326B29A76006F22FA /* AppDelegate.swift */,
				0129337526B29A76006F22FA /* SceneDelegate.swift */,
				0148CF1226C6677F0035862A /* Model */,
				0148CF1C26C8E1A20035862A /* View */,
				013753F426CD410C002F3ABE /* Controller */,
				010F916D26CE8CDA00437262 /* MeokBTITest.storyboard */,
				0129337926B29A76006F22FA /* Main.storyboard */,
				0129337C26B29A78006F22FA /* Assets.xcassets */,
				010F916A26CE5DE500437262 /* Font */,
				0129337E26B29A78006F22FA /* LaunchScreen.storyboard */,
				0101E0E826D8B07F00140C70 /* GoogleService-Info.plist */,
				0129338126B29A78006F22FA /* Info.plist */,
			);
			path = MeokBTI;
			sourceTree = "<group>";
		};
		013753F426CD410C002F3ABE /* Controller */ = {
			isa = PBXGroup;
			children = (
				013753F526CD41AC002F3ABE /* MeokBTITabBarController.swift */,
				0129338826B29B93006F22FA /* IntroductionViewController.swift */,
				0129338926B29B93006F22FA /* QuestionViewController.swift */,
				0129338A26B29B93006F22FA /* ResultsViewController.swift */,
				013C65C126BA4FB700895567 /* MapViewController.swift */,
				349E4D2027A2E040002E0109 /* SearchResultsViewController.swift */,
				01ED1D6526FF717000CB8FB3 /* DetailRestaurantInfoViewController.swift */,
				EC1EA90726DE565D00FC03BF /* PersonalDataViewController.swift */,
				010F916B26CE8B2A00437262 /* ResultTableViewController.swift */,
				8ECB5CCB27C2335300A5F01A /* MyPageViewController.swift */,
				8E06B80527D636CB00A2A8B8 /* VersionViewController.swift */,
				8E06B80B27D636ED00A2A8B8 /* LikeViewController.swift */,
				8E06B80927D636E900A2A8B8 /* MailViewController.swift */,
				8E06B80F27D636FA00A2A8B8 /* CollectViewController.swift */,
				8E06B80D27D636F300A2A8B8 /* HomeViewController.swift */,
			);
			path = Controller;
			sourceTree = "<group>";
		};
		0148CF1226C6677F0035862A /* Model */ = {
			isa = PBXGroup;
			children = (
				0148CF1A26C81CB90035862A /* Extensions+.swift */,
				010F916026CE2B1D00437262 /* User.swift */,
				010F916826CE55C300437262 /* MeokBTI.swift */,
				0129338726B29B93006F22FA /* Question.swift */,
				34AB56D327B4EE1E001DF408 /* Answer.swift */,
				013C65C326BBD22000895567 /* Restaurant.swift */,
				348B723327C3FD7600FC524D /* APIKeys.swift */,
			);
			path = Model;
			sourceTree = "<group>";
		};
		0148CF1C26C8E1A20035862A /* View */ = {
			isa = PBXGroup;
			children = (
				0123132D26CA4B5A007C5FC8 /* MapMarkerWindowView.xib */,
				01ED1D6727004BB200CB8FB3 /* DetailInfoWindowView.xib */,
				0148A8FD26CB9B6600F1427C /* PhotoCollectionViewCell.xib */,
				34F05E5E27D5CE9B00F37404 /* MyPageHeaderView.xib */,
				017D88D726CABD4600B72155 /* MapMarkerWindow.swift */,
				01ED1D6827004C5300CB8FB3 /* DetailInfoWindow.swift */,
				0148A8FC26CB9B6600F1427C /* PhotoCollectionViewCell.swift */,
				34D8CF9E27BEA3900032A66B /* HarmonyCollectionViewCell.swift */,
				8ECB5CCD27C2338500A5F01A /* MyPageCell.swift */,
				8E06B81527D6374B00A2A8B8 /* Movie.swift */,
				8E06B81327D6374600A2A8B8 /* MovieCollectionViewCell.swift */,
				34F05E6227D5CF1600F37404 /* MyPageHeaderView.swift */,
				8E06B81127D6373D00A2A8B8 /* productList.swift */,
			);
			path = View;
			sourceTree = "<group>";
		};
		282F6B2E99FB2EC84C9E92F0 /* Pods */ = {
			isa = PBXGroup;
			children = (
				77A07664455AD6E7C92AF5DF /* Pods-MeokBTI.debug.xcconfig */,
				E83B8D949A413BBA69279EEA /* Pods-MeokBTI.release.xcconfig */,
			);
			path = Pods;
			sourceTree = "<group>";
		};
		B6898FFEDE93042D590FD9BE /* Frameworks */ = {
			isa = PBXGroup;
			children = (
				0113335926F25AA200718FAE /* Alamofire.framework */,
				0113335A26F25AA200718FAE /* FBLPromises.framework */,
				0113335B26F25AA200718FAE /* FirebaseCore.framework */,
				0113335C26F25AA200718FAE /* FirebaseCoreDiagnostics.framework */,
				0113335D26F25AA200718FAE /* FirebaseDatabase.framework */,
				0113335E26F25AA200718FAE /* GoogleDataTransport.framework */,
				0113335F26F25AA200718FAE /* GoogleUtilities.framework */,
				0113336026F25AA200718FAE /* KakaoSDKCommon.framework */,
				0113336126F25AA200718FAE /* KakaoSDKLink.framework */,
				0113336226F25AA200718FAE /* KakaoSDKTemplate.framework */,
				0113336326F25AA200718FAE /* leveldb.framework */,
				0113336426F25AA200718FAE /* nanopb.framework */,
				0148CF1726C6D1030035862A /* TMapSDK.framework */,
				1797757F7D982904A3D40CFA /* Pods_MeokBTI.framework */,
			);
			name = Frameworks;
			sourceTree = "<group>";
		};
/* End PBXGroup section */

/* Begin PBXNativeTarget section */
		0129336F26B29A76006F22FA /* MeokBTI */ = {
			isa = PBXNativeTarget;
			buildConfigurationList = 0129338426B29A78006F22FA /* Build configuration list for PBXNativeTarget "MeokBTI" */;
			buildPhases = (
				BA4445409A068B5D2F2DD2ED /* [CP] Check Pods Manifest.lock */,
				0129336C26B29A76006F22FA /* Sources */,
				0129336D26B29A76006F22FA /* Frameworks */,
				0129336E26B29A76006F22FA /* Resources */,
				41A60500BCBFE688A6613EE7 /* [CP] Copy Pods Resources */,
				99D4A476216647E2A808934C /* [CP] Embed Pods Frameworks */,
				01A2FD9A26F38AB60019B602 /* Embed Frameworks */,
			);
			buildRules = (
			);
			dependencies = (
			);
			name = MeokBTI;
			productName = MeokBTI;
			productReference = 0129337026B29A76006F22FA /* MeokBTI.app */;
			productType = "com.apple.product-type.application";
		};
/* End PBXNativeTarget section */

/* Begin PBXProject section */
		0129336826B29A76006F22FA /* Project object */ = {
			isa = PBXProject;
			attributes = {
				LastSwiftUpdateCheck = 1250;
				LastUpgradeCheck = 1250;
				TargetAttributes = {
					0129336F26B29A76006F22FA = {
						CreatedOnToolsVersion = 12.5.1;
					};
				};
			};
			buildConfigurationList = 0129336B26B29A76006F22FA /* Build configuration list for PBXProject "MeokBTI" */;
			compatibilityVersion = "Xcode 9.3";
			developmentRegion = en;
			hasScannedForEncodings = 0;
			knownRegions = (
				en,
				Base,
			);
			mainGroup = 0129336726B29A76006F22FA;
			productRefGroup = 0129337126B29A76006F22FA /* Products */;
			projectDirPath = "";
			projectRoot = "";
			targets = (
				0129336F26B29A76006F22FA /* MeokBTI */,
			);
		};
/* End PBXProject section */

/* Begin PBXResourcesBuildPhase section */
		0129336E26B29A76006F22FA /* Resources */ = {
			isa = PBXResourcesBuildPhase;
			buildActionMask = 2147483647;
			files = (
				010F916326CE335A00437262 /* Binggrae.otf in Resources */,
				0129338026B29A78006F22FA /* LaunchScreen.storyboard in Resources */,
				0148A8FF26CB9B6600F1427C /* PhotoCollectionViewCell.xib in Resources */,
				0129337D26B29A78006F22FA /* Assets.xcassets in Resources */,
				34F05E5F27D5CE9B00F37404 /* MyPageHeaderView.xib in Resources */,
				01ED1D6A270062DE00CB8FB3 /* DetailInfoWindowView.xib in Resources */,
				0129337B26B29A76006F22FA /* Main.storyboard in Resources */,
				0123132E26CA4B5A007C5FC8 /* MapMarkerWindowView.xib in Resources */,
				010F916526CE336500437262 /* BinggraeSamanco.otf in Resources */,
				0101E0E926D8B07F00140C70 /* GoogleService-Info.plist in Resources */,
				010F916726CE337700437262 /* ONE Mobile POP OTF.otf in Resources */,
				010F916E26CE8CDA00437262 /* MeokBTITest.storyboard in Resources */,
			);
			runOnlyForDeploymentPostprocessing = 0;
		};
/* End PBXResourcesBuildPhase section */

/* Begin PBXShellScriptBuildPhase section */
		41A60500BCBFE688A6613EE7 /* [CP] Copy Pods Resources */ = {
			isa = PBXShellScriptBuildPhase;
			buildActionMask = 2147483647;
			files = (
			);
			inputFileListPaths = (
				"${PODS_ROOT}/Target Support Files/Pods-MeokBTI/Pods-MeokBTI-resources-${CONFIGURATION}-input-files.xcfilelist",
			);
			name = "[CP] Copy Pods Resources";
			outputFileListPaths = (
				"${PODS_ROOT}/Target Support Files/Pods-MeokBTI/Pods-MeokBTI-resources-${CONFIGURATION}-output-files.xcfilelist",
			);
			runOnlyForDeploymentPostprocessing = 0;
			shellPath = /bin/sh;
			shellScript = "\"${PODS_ROOT}/Target Support Files/Pods-MeokBTI/Pods-MeokBTI-resources.sh\"\n";
			showEnvVarsInLog = 0;
		};
		99D4A476216647E2A808934C /* [CP] Embed Pods Frameworks */ = {
			isa = PBXShellScriptBuildPhase;
			buildActionMask = 2147483647;
			files = (
			);
			inputFileListPaths = (
				"${PODS_ROOT}/Target Support Files/Pods-MeokBTI/Pods-MeokBTI-frameworks-${CONFIGURATION}-input-files.xcfilelist",
			);
			name = "[CP] Embed Pods Frameworks";
			outputFileListPaths = (
				"${PODS_ROOT}/Target Support Files/Pods-MeokBTI/Pods-MeokBTI-frameworks-${CONFIGURATION}-output-files.xcfilelist",
			);
			runOnlyForDeploymentPostprocessing = 0;
			shellPath = /bin/sh;
			shellScript = "\"${PODS_ROOT}/Target Support Files/Pods-MeokBTI/Pods-MeokBTI-frameworks.sh\"\n";
			showEnvVarsInLog = 0;
		};
		BA4445409A068B5D2F2DD2ED /* [CP] Check Pods Manifest.lock */ = {
			isa = PBXShellScriptBuildPhase;
			buildActionMask = 2147483647;
			files = (
			);
			inputFileListPaths = (
			);
			inputPaths = (
				"${PODS_PODFILE_DIR_PATH}/Podfile.lock",
				"${PODS_ROOT}/Manifest.lock",
			);
			name = "[CP] Check Pods Manifest.lock";
			outputFileListPaths = (
			);
			outputPaths = (
				"$(DERIVED_FILE_DIR)/Pods-MeokBTI-checkManifestLockResult.txt",
			);
			runOnlyForDeploymentPostprocessing = 0;
			shellPath = /bin/sh;
			shellScript = "diff \"${PODS_PODFILE_DIR_PATH}/Podfile.lock\" \"${PODS_ROOT}/Manifest.lock\" > /dev/null\nif [ $? != 0 ] ; then\n    # print error to STDERR\n    echo \"error: The sandbox is not in sync with the Podfile.lock. Run 'pod install' or update your CocoaPods installation.\" >&2\n    exit 1\nfi\n# This output is used by Xcode 'outputs' to avoid re-running this script phase.\necho \"SUCCESS\" > \"${SCRIPT_OUTPUT_FILE_0}\"\n";
			showEnvVarsInLog = 0;
		};
/* End PBXShellScriptBuildPhase section */

/* Begin PBXSourcesBuildPhase section */
		0129336C26B29A76006F22FA /* Sources */ = {
			isa = PBXSourcesBuildPhase;
			buildActionMask = 2147483647;
			files = (
				010F916C26CE8B2A00437262 /* ResultTableViewController.swift in Sources */,
				017D88D826CABD4600B72155 /* MapMarkerWindow.swift in Sources */,
				8E06B80E27D636F300A2A8B8 /* HomeViewController.swift in Sources */,
				348B723427C3FD7600FC524D /* APIKeys.swift in Sources */,
				34F05E6327D5CF1600F37404 /* MyPageHeaderView.swift in Sources */,
				EC1EA90826DE565D00FC03BF /* PersonalDataViewController.swift in Sources */,
				8E06B81227D6373D00A2A8B8 /* productList.swift in Sources */,
				0148A8FE26CB9B6600F1427C /* PhotoCollectionViewCell.swift in Sources */,
				013753F626CD41AC002F3ABE /* MeokBTITabBarController.swift in Sources */,
				8E06B80A27D636E900A2A8B8 /* MailViewController.swift in Sources */,
				0129338C26B29B93006F22FA /* IntroductionViewController.swift in Sources */,
				8ECB5CCC27C2335300A5F01A /* MyPageViewController.swift in Sources */,
				8E06B81627D6374B00A2A8B8 /* Movie.swift in Sources */,
				0129338D26B29B93006F22FA /* QuestionViewController.swift in Sources */,
				34AB56D427B4EE1E001DF408 /* Answer.swift in Sources */,
				01ED1D6927004C5300CB8FB3 /* DetailInfoWindow.swift in Sources */,
				8E06B81427D6374600A2A8B8 /* MovieCollectionViewCell.swift in Sources */,
				010F916126CE2B1D00437262 /* User.swift in Sources */,
				0129338E26B29B93006F22FA /* ResultsViewController.swift in Sources */,
				0129337426B29A76006F22FA /* AppDelegate.swift in Sources */,
				8ECB5CCE27C2338500A5F01A /* MyPageCell.swift in Sources */,
				0129337626B29A76006F22FA /* SceneDelegate.swift in Sources */,
				349E4D2127A2E040002E0109 /* SearchResultsViewController.swift in Sources */,
				0129338B26B29B93006F22FA /* Question.swift in Sources */,
				010F916926CE55C300437262 /* MeokBTI.swift in Sources */,
				0148CF1B26C81CB90035862A /* Extensions+.swift in Sources */,
				01ED1D6626FF717000CB8FB3 /* DetailRestaurantInfoViewController.swift in Sources */,
				013C65C226BA4FB700895567 /* MapViewController.swift in Sources */,
				8E06B81027D636FA00A2A8B8 /* CollectViewController.swift in Sources */,
				8E06B80627D636CB00A2A8B8 /* VersionViewController.swift in Sources */,
				34D8CF9F27BEA3900032A66B /* HarmonyCollectionViewCell.swift in Sources */,
				013C65C426BBD22000895567 /* Restaurant.swift in Sources */,
				8E06B80C27D636ED00A2A8B8 /* LikeViewController.swift in Sources */,
			);
			runOnlyForDeploymentPostprocessing = 0;
		};
/* End PBXSourcesBuildPhase section */

/* Begin PBXVariantGroup section */
		0129337926B29A76006F22FA /* Main.storyboard */ = {
			isa = PBXVariantGroup;
			children = (
				0129337A26B29A76006F22FA /* Base */,
			);
			name = Main.storyboard;
			sourceTree = "<group>";
		};
		0129337E26B29A78006F22FA /* LaunchScreen.storyboard */ = {
			isa = PBXVariantGroup;
			children = (
				0129337F26B29A78006F22FA /* Base */,
			);
			name = LaunchScreen.storyboard;
			sourceTree = "<group>";
		};
/* End PBXVariantGroup section */

/* Begin XCBuildConfiguration section */
		0129338226B29A78006F22FA /* Debug */ = {
			isa = XCBuildConfiguration;
			buildSettings = {
				ALWAYS_SEARCH_USER_PATHS = NO;
				CLANG_ANALYZER_NONNULL = YES;
				CLANG_ANALYZER_NUMBER_OBJECT_CONVERSION = YES_AGGRESSIVE;
				CLANG_CXX_LANGUAGE_STANDARD = "gnu++14";
				CLANG_CXX_LIBRARY = "libc++";
				CLANG_ENABLE_MODULES = YES;
				CLANG_ENABLE_OBJC_ARC = YES;
				CLANG_ENABLE_OBJC_WEAK = YES;
				CLANG_WARN_BLOCK_CAPTURE_AUTORELEASING = YES;
				CLANG_WARN_BOOL_CONVERSION = YES;
				CLANG_WARN_COMMA = YES;
				CLANG_WARN_CONSTANT_CONVERSION = YES;
				CLANG_WARN_DEPRECATED_OBJC_IMPLEMENTATIONS = YES;
				CLANG_WARN_DIRECT_OBJC_ISA_USAGE = YES_ERROR;
				CLANG_WARN_DOCUMENTATION_COMMENTS = YES;
				CLANG_WARN_EMPTY_BODY = YES;
				CLANG_WARN_ENUM_CONVERSION = YES;
				CLANG_WARN_INFINITE_RECURSION = YES;
				CLANG_WARN_INT_CONVERSION = YES;
				CLANG_WARN_NON_LITERAL_NULL_CONVERSION = YES;
				CLANG_WARN_OBJC_IMPLICIT_RETAIN_SELF = YES;
				CLANG_WARN_OBJC_LITERAL_CONVERSION = YES;
				CLANG_WARN_OBJC_ROOT_CLASS = YES_ERROR;
				CLANG_WARN_QUOTED_INCLUDE_IN_FRAMEWORK_HEADER = YES;
				CLANG_WARN_RANGE_LOOP_ANALYSIS = YES;
				CLANG_WARN_STRICT_PROTOTYPES = YES;
				CLANG_WARN_SUSPICIOUS_MOVE = YES;
				CLANG_WARN_UNGUARDED_AVAILABILITY = YES_AGGRESSIVE;
				CLANG_WARN_UNREACHABLE_CODE = YES;
				CLANG_WARN__DUPLICATE_METHOD_MATCH = YES;
				COPY_PHASE_STRIP = NO;
				DEBUG_INFORMATION_FORMAT = dwarf;
				ENABLE_STRICT_OBJC_MSGSEND = YES;
				ENABLE_TESTABILITY = YES;
				"EXCLUDED_ARCHS[sdk=iphonesimulator*]" = arm64;
				GCC_C_LANGUAGE_STANDARD = gnu11;
				GCC_DYNAMIC_NO_PIC = NO;
				GCC_NO_COMMON_BLOCKS = YES;
				GCC_OPTIMIZATION_LEVEL = 0;
				GCC_PREPROCESSOR_DEFINITIONS = (
					"DEBUG=1",
					"$(inherited)",
				);
				GCC_WARN_64_TO_32_BIT_CONVERSION = YES;
				GCC_WARN_ABOUT_RETURN_TYPE = YES_ERROR;
				GCC_WARN_UNDECLARED_SELECTOR = YES;
				GCC_WARN_UNINITIALIZED_AUTOS = YES_AGGRESSIVE;
				GCC_WARN_UNUSED_FUNCTION = YES;
				GCC_WARN_UNUSED_VARIABLE = YES;
				IPHONEOS_DEPLOYMENT_TARGET = 14.5;
				MTL_ENABLE_DEBUG_INFO = INCLUDE_SOURCE;
				MTL_FAST_MATH = YES;
				ONLY_ACTIVE_ARCH = YES;
				SDKROOT = iphoneos;
				SWIFT_ACTIVE_COMPILATION_CONDITIONS = DEBUG;
				SWIFT_OPTIMIZATION_LEVEL = "-Onone";
				VALIDATE_WORKSPACE = NO;
			};
			name = Debug;
		};
		0129338326B29A78006F22FA /* Release */ = {
			isa = XCBuildConfiguration;
			buildSettings = {
				ALWAYS_SEARCH_USER_PATHS = NO;
				CLANG_ANALYZER_NONNULL = YES;
				CLANG_ANALYZER_NUMBER_OBJECT_CONVERSION = YES_AGGRESSIVE;
				CLANG_CXX_LANGUAGE_STANDARD = "gnu++14";
				CLANG_CXX_LIBRARY = "libc++";
				CLANG_ENABLE_MODULES = YES;
				CLANG_ENABLE_OBJC_ARC = YES;
				CLANG_ENABLE_OBJC_WEAK = YES;
				CLANG_WARN_BLOCK_CAPTURE_AUTORELEASING = YES;
				CLANG_WARN_BOOL_CONVERSION = YES;
				CLANG_WARN_COMMA = YES;
				CLANG_WARN_CONSTANT_CONVERSION = YES;
				CLANG_WARN_DEPRECATED_OBJC_IMPLEMENTATIONS = YES;
				CLANG_WARN_DIRECT_OBJC_ISA_USAGE = YES_ERROR;
				CLANG_WARN_DOCUMENTATION_COMMENTS = YES;
				CLANG_WARN_EMPTY_BODY = YES;
				CLANG_WARN_ENUM_CONVERSION = YES;
				CLANG_WARN_INFINITE_RECURSION = YES;
				CLANG_WARN_INT_CONVERSION = YES;
				CLANG_WARN_NON_LITERAL_NULL_CONVERSION = YES;
				CLANG_WARN_OBJC_IMPLICIT_RETAIN_SELF = YES;
				CLANG_WARN_OBJC_LITERAL_CONVERSION = YES;
				CLANG_WARN_OBJC_ROOT_CLASS = YES_ERROR;
				CLANG_WARN_QUOTED_INCLUDE_IN_FRAMEWORK_HEADER = YES;
				CLANG_WARN_RANGE_LOOP_ANALYSIS = YES;
				CLANG_WARN_STRICT_PROTOTYPES = YES;
				CLANG_WARN_SUSPICIOUS_MOVE = YES;
				CLANG_WARN_UNGUARDED_AVAILABILITY = YES_AGGRESSIVE;
				CLANG_WARN_UNREACHABLE_CODE = YES;
				CLANG_WARN__DUPLICATE_METHOD_MATCH = YES;
				COPY_PHASE_STRIP = NO;
				DEBUG_INFORMATION_FORMAT = "dwarf-with-dsym";
				ENABLE_NS_ASSERTIONS = NO;
				ENABLE_STRICT_OBJC_MSGSEND = YES;
				"EXCLUDED_ARCHS[sdk=iphonesimulator*]" = arm64;
				GCC_C_LANGUAGE_STANDARD = gnu11;
				GCC_NO_COMMON_BLOCKS = YES;
				GCC_WARN_64_TO_32_BIT_CONVERSION = YES;
				GCC_WARN_ABOUT_RETURN_TYPE = YES_ERROR;
				GCC_WARN_UNDECLARED_SELECTOR = YES;
				GCC_WARN_UNINITIALIZED_AUTOS = YES_AGGRESSIVE;
				GCC_WARN_UNUSED_FUNCTION = YES;
				GCC_WARN_UNUSED_VARIABLE = YES;
				IPHONEOS_DEPLOYMENT_TARGET = 14.5;
				MTL_ENABLE_DEBUG_INFO = NO;
				MTL_FAST_MATH = YES;
				ONLY_ACTIVE_ARCH = YES;
				SDKROOT = iphoneos;
				SWIFT_COMPILATION_MODE = wholemodule;
				SWIFT_OPTIMIZATION_LEVEL = "-O";
				VALIDATE_PRODUCT = YES;
				VALIDATE_WORKSPACE = NO;
			};
			name = Release;
		};
		0129338526B29A78006F22FA /* Debug */ = {
			isa = XCBuildConfiguration;
			baseConfigurationReference = 77A07664455AD6E7C92AF5DF /* Pods-MeokBTI.debug.xcconfig */;
			buildSettings = {
				ASSETCATALOG_COMPILER_APPICON_NAME = AppIcon;
				ASSETCATALOG_COMPILER_GLOBAL_ACCENT_COLOR_NAME = AccentColor;
				CODE_SIGN_STYLE = Automatic;
				DEVELOPMENT_TEAM = P2JSWZG4LF;
				FRAMEWORK_SEARCH_PATHS = (
					"$(inherited)",
					"$(PROJECT_DIR)",
				);
				HEADER_SEARCH_PATHS = "${SRCROOT}/MeokBTI/";
				INFOPLIST_FILE = MeokBTI/Info.plist;
				IPHONEOS_DEPLOYMENT_TARGET = 14.1;
				LD_RUNPATH_SEARCH_PATHS = (
					"$(inherited)",
					"@executable_path/Frameworks",
				);
				LIBRARY_SEARCH_PATHS = (
					"$(inherited)",
					"$(PROJECT_DIR)",
				);
				MARKETING_VERSION = 1.1.0;
				OTHER_LDFLAGS = (
					"$(inherited)",
					"-ObjC",
				);
				PRODUCT_BUNDLE_IDENTIFIER = konesam.MeokBTI;
				PRODUCT_NAME = "$(TARGET_NAME)";
				SWIFT_VERSION = 5.0;
				TARGETED_DEVICE_FAMILY = 1;
				VALIDATE_WORKSPACE = YES;
			};
			name = Debug;
		};
		0129338626B29A78006F22FA /* Release */ = {
			isa = XCBuildConfiguration;
			baseConfigurationReference = E83B8D949A413BBA69279EEA /* Pods-MeokBTI.release.xcconfig */;
			buildSettings = {
				ASSETCATALOG_COMPILER_APPICON_NAME = AppIcon;
				ASSETCATALOG_COMPILER_GLOBAL_ACCENT_COLOR_NAME = AccentColor;
				CODE_SIGN_STYLE = Automatic;
				DEVELOPMENT_TEAM = P2JSWZG4LF;
				FRAMEWORK_SEARCH_PATHS = (
					"$(inherited)",
					"$(PROJECT_DIR)",
				);
				HEADER_SEARCH_PATHS = "${SRCROOT}/MeokBTI/";
				INFOPLIST_FILE = MeokBTI/Info.plist;
				IPHONEOS_DEPLOYMENT_TARGET = 14.1;
				LD_RUNPATH_SEARCH_PATHS = (
					"$(inherited)",
					"@executable_path/Frameworks",
				);
				LIBRARY_SEARCH_PATHS = (
					"$(inherited)",
					"$(PROJECT_DIR)",
				);
				MARKETING_VERSION = 1.1.0;
				OTHER_LDFLAGS = (
					"$(inherited)",
					"-ObjC",
				);
				PRODUCT_BUNDLE_IDENTIFIER = konesam.MeokBTI;
				PRODUCT_NAME = "$(TARGET_NAME)";
				SWIFT_VERSION = 5.0;
				TARGETED_DEVICE_FAMILY = 1;
				VALIDATE_WORKSPACE = YES;
			};
			name = Release;
		};
/* End XCBuildConfiguration section */

/* Begin XCConfigurationList section */
		0129336B26B29A76006F22FA /* Build configuration list for PBXProject "MeokBTI" */ = {
			isa = XCConfigurationList;
			buildConfigurations = (
				0129338226B29A78006F22FA /* Debug */,
				0129338326B29A78006F22FA /* Release */,
			);
			defaultConfigurationIsVisible = 0;
			defaultConfigurationName = Release;
		};
		0129338426B29A78006F22FA /* Build configuration list for PBXNativeTarget "MeokBTI" */ = {
			isa = XCConfigurationList;
			buildConfigurations = (
				0129338526B29A78006F22FA /* Debug */,
				0129338626B29A78006F22FA /* Release */,
			);
			defaultConfigurationIsVisible = 0;
			defaultConfigurationName = Release;
		};
/* End XCConfigurationList section */
	};
	rootObject = 0129336826B29A76006F22FA /* Project object */;
}
